
Microsoft Visual Studio Solution File, Format Version 12.00
# Visual Studio Version 17
VisualStudioVersion = 17.2.32519.379
MinimumVisualStudioVersion = 10.0.40219.1
Project("{8BC9CEB8-8B4A-11D0-8D11-00A0C91BC942}") = "Dice_Game", "Dice_Game\Dice_Game.vcxproj", "{93A13F47-36F2-43DA-88FE-664A90AD574E}"
EndProject
Global
	GlobalSection(SolutionConfigurationPlatforms) = preSolution
		Debug|x64 = Debug|x64
		Debug|x86 = Debug|x86
		Release|x64 = Release|x64
		Release|x86 = Release|x86
	EndGlobalSection
	GlobalSection(ProjectConfigurationPlatforms) = postSolution
		{93A13F47-36F2-43DA-88FE-664A90AD574E}.Debug|x64.ActiveCfg = Debug|x64
		{93A13F47-36F2-43DA-88FE-664A90AD574E}.Debug|x64.Build.0 = Debug|x64
		{93A13F47-36F2-43DA-88FE-664A90AD574E}.Debug|x86.ActiveCfg = Debug|Win32
		{93A13F47-36F2-43DA-88FE-664A90AD574E}.Debug|x86.Build.0 = Debug|Win32
		{93A13F47-36F2-43DA-88FE-664A90AD574E}.Release|x64.ActiveCfg = Release|x64
		{93A13F47-36F2-43DA-88FE-664A90AD574E}.Release|x64.Build.0 = Release|x64
		{93A13F47-36F2-43DA-88FE-664A90AD574E}.Release|x86.ActiveCfg = Release|Win32
		{93A13F47-36F2-43DA-88FE-664A90AD574E}.Release|x86.Build.0 = Release|Win32
	EndGlobalSection
	GlobalSection(SolutionProperties) = preSolution
		HideSolutionNode = FALSE
	EndGlobalSection
	GlobalSection(ExtensibilityGlobals) = postSolution
		SolutionGuid = {243D613D-3F74-49D0-83AA-E2250FFE15DB}
	EndGlobalSection
EndGlobal
